
Microsoft Visual Studio Solution File, Format Version 12.00
# Visual Studio Version 16
VisualStudioVersion = 16.0.29806.167
MinimumVisualStudioVersion = 10.0.40219.1
Project("{FAE04EC0-301F-11D3-BF4B-00C04F79EFBC}") = "vipo", "vipo.csproj", "{94AA5AAF-23DA-4E50-A796-194813B29186}"
EndProject
Global
	GlobalSection(SolutionConfigurationPlatforms) = preSolution
		Debug|Any CPU = Debug|Any CPU
		Release|Any CPU = Release|Any CPU
	EndGlobalSection
	GlobalSection(ProjectConfigurationPlatforms) = postSolution
		{94AA5AAF-23DA-4E50-A796-194813B29186}.Debug|Any CPU.ActiveCfg = Debug|Any CPU
		{94AA5AAF-23DA-4E50-A796-194813B29186}.Debug|Any CPU.Build.0 = Debug|Any CPU
		{94AA5AAF-23DA-4E50-A796-194813B29186}.Release|Any CPU.ActiveCfg = Release|Any CPU
		{94AA5AAF-23DA-4E50-A796-194813B29186}.Release|Any CPU.Build.0 = Release|Any CPU
	EndGlobalSection
	GlobalSection(SolutionProperties) = preSolution
		HideSolutionNode = FALSE
	EndGlobalSection
	GlobalSection(ExtensibilityGlobals) = postSolution
		SolutionGuid = {D849D9B7-B628-4ACE-961C-437FD27B8431}
	EndGlobalSection
EndGlobal
